
Microsoft Visual Studio Solution File, Format Version 12.00
# Visual Studio 15
VisualStudioVersion = 15.0.28307.1022
MinimumVisualStudioVersion = 10.0.40219.1
Project("{FAE04EC0-301F-11D3-BF4B-00C04F79EFBC}") = "BCPCreator", "BCPCreator\BCPCreator.csproj", "{A35878AD-A69C-460A-AA71-1988B9249052}"
EndProject
Global
	GlobalSection(SolutionConfigurationPlatforms) = preSolution
		Debug|Any CPU = Debug|Any CPU
		Release|Any CPU = Release|Any CPU
	EndGlobalSection
	GlobalSection(ProjectConfigurationPlatforms) = postSolution
		{A35878AD-A69C-460A-AA71-1988B9249052}.Debug|Any CPU.ActiveCfg = Debug|Any CPU
		{A35878AD-A69C-460A-AA71-1988B9249052}.Debug|Any CPU.Build.0 = Debug|Any CPU
		{A35878AD-A69C-460A-AA71-1988B9249052}.Release|Any CPU.ActiveCfg = Release|Any CPU
		{A35878AD-A69C-460A-AA71-1988B9249052}.Release|Any CPU.Build.0 = Release|Any CPU
	EndGlobalSection
	GlobalSection(SolutionProperties) = preSolution
		HideSolutionNode = FALSE
	EndGlobalSection
	GlobalSection(ExtensibilityGlobals) = postSolution
		SolutionGuid = {920AB71A-8B18-47AB-B7A4-367244CE6835}
	EndGlobalSection
EndGlobal
